
Microsoft Visual Studio Solution File, Format Version 12.00
# Visual Studio Version 17
VisualStudioVersion = 17.13.35828.75
MinimumVisualStudioVersion = 10.0.40219.1
Project("{FAE04EC0-301F-11D3-BF4B-00C04F79EFBC}") = "LibraryManagementSystem", "LibraryManagementSystem\LibraryManagementSystem.csproj", "{4384F1D8-A322-4BDD-8D0E-3B2B0510EE3E}"
EndProject
Project("{FAE04EC0-301F-11D3-BF4B-00C04F79EFBC}") = "LibraryManagementBL", "LibraryManagementBL\LibraryManagementBL.csproj", "{4DBE2EC2-4C58-4BF5-8F79-491F0FE3D141}"
EndProject
Project("{FAE04EC0-301F-11D3-BF4B-00C04F79EFBC}") = "LibraryManagementTest", "LibraryManagementTest\LibraryManagementTest.csproj", "{A5996DE2-D05E-41C6-AB14-B3129905FD96}"
EndProject
Global
	GlobalSection(SolutionConfigurationPlatforms) = preSolution
		Debug|Any CPU = Debug|Any CPU
		Release|Any CPU = Release|Any CPU
	EndGlobalSection
	GlobalSection(ProjectConfigurationPlatforms) = postSolution
		{4384F1D8-A322-4BDD-8D0E-3B2B0510EE3E}.Debug|Any CPU.ActiveCfg = Debug|Any CPU
		{4384F1D8-A322-4BDD-8D0E-3B2B0510EE3E}.Debug|Any CPU.Build.0 = Debug|Any CPU
		{4384F1D8-A322-4BDD-8D0E-3B2B0510EE3E}.Release|Any CPU.ActiveCfg = Release|Any CPU
		{4384F1D8-A322-4BDD-8D0E-3B2B0510EE3E}.Release|Any CPU.Build.0 = Release|Any CPU
		{4DBE2EC2-4C58-4BF5-8F79-491F0FE3D141}.Debug|Any CPU.ActiveCfg = Debug|Any CPU
		{4DBE2EC2-4C58-4BF5-8F79-491F0FE3D141}.Debug|Any CPU.Build.0 = Debug|Any CPU
		{4DBE2EC2-4C58-4BF5-8F79-491F0FE3D141}.Release|Any CPU.ActiveCfg = Release|Any CPU
		{4DBE2EC2-4C58-4BF5-8F79-491F0FE3D141}.Release|Any CPU.Build.0 = Release|Any CPU
		{A5996DE2-D05E-41C6-AB14-B3129905FD96}.Debug|Any CPU.ActiveCfg = Debug|Any CPU
		{A5996DE2-D05E-41C6-AB14-B3129905FD96}.Debug|Any CPU.Build.0 = Debug|Any CPU
		{A5996DE2-D05E-41C6-AB14-B3129905FD96}.Release|Any CPU.ActiveCfg = Release|Any CPU
		{A5996DE2-D05E-41C6-AB14-B3129905FD96}.Release|Any CPU.Build.0 = Release|Any CPU
	EndGlobalSection
	GlobalSection(SolutionProperties) = preSolution
		HideSolutionNode = FALSE
	EndGlobalSection
	GlobalSection(ExtensibilityGlobals) = postSolution
		SolutionGuid = {D7E094BB-C432-4FE9-B906-1BBD9CFBE936}
	EndGlobalSection
EndGlobal
